
Microsoft Visual Studio Solution File, Format Version 12.00
# Visual Studio Version 17
VisualStudioVersion = 17.4.33110.190
MinimumVisualStudioVersion = 10.0.40219.1
Project("{9A19103F-16F7-4668-BE54-9A1E7A4F7556}") = "ASP34", "ASP34.csproj", "{994DCA01-ADB0-402F-8B07-FEDCC1F8A087}"
EndProject
Project("{9A19103F-16F7-4668-BE54-9A1E7A4F7556}") = "ASP34.Contracts", "..\ASP34.Contracts\ASP34.Contracts.csproj", "{ED56DF63-3722-4A50-A693-B65E829EC140}"
EndProject
Project("{9A19103F-16F7-4668-BE54-9A1E7A4F7556}") = "ASP34.Data", "..\ASP34.Data\ASP34.Data.csproj", "{7372268E-B1D3-474D-9CFE-E27A02466F50}"
EndProject
Global
	GlobalSection(SolutionConfigurationPlatforms) = preSolution
		Debug|Any CPU = Debug|Any CPU
		Release|Any CPU = Release|Any CPU
	EndGlobalSection
	GlobalSection(ProjectConfigurationPlatforms) = postSolution
		{994DCA01-ADB0-402F-8B07-FEDCC1F8A087}.Debug|Any CPU.ActiveCfg = Debug|Any CPU
		{994DCA01-ADB0-402F-8B07-FEDCC1F8A087}.Debug|Any CPU.Build.0 = Debug|Any CPU
		{994DCA01-ADB0-402F-8B07-FEDCC1F8A087}.Release|Any CPU.ActiveCfg = Release|Any CPU
		{994DCA01-ADB0-402F-8B07-FEDCC1F8A087}.Release|Any CPU.Build.0 = Release|Any CPU
		{ED56DF63-3722-4A50-A693-B65E829EC140}.Debug|Any CPU.ActiveCfg = Debug|Any CPU
		{ED56DF63-3722-4A50-A693-B65E829EC140}.Debug|Any CPU.Build.0 = Debug|Any CPU
		{ED56DF63-3722-4A50-A693-B65E829EC140}.Release|Any CPU.ActiveCfg = Release|Any CPU
		{ED56DF63-3722-4A50-A693-B65E829EC140}.Release|Any CPU.Build.0 = Release|Any CPU
		{7372268E-B1D3-474D-9CFE-E27A02466F50}.Debug|Any CPU.ActiveCfg = Debug|Any CPU
		{7372268E-B1D3-474D-9CFE-E27A02466F50}.Debug|Any CPU.Build.0 = Debug|Any CPU
		{7372268E-B1D3-474D-9CFE-E27A02466F50}.Release|Any CPU.ActiveCfg = Release|Any CPU
		{7372268E-B1D3-474D-9CFE-E27A02466F50}.Release|Any CPU.Build.0 = Release|Any CPU
	EndGlobalSection
	GlobalSection(SolutionProperties) = preSolution
		HideSolutionNode = FALSE
	EndGlobalSection
	GlobalSection(ExtensibilityGlobals) = postSolution
		SolutionGuid = {2E593715-419C-414F-88C0-E44B1E68FEF1}
	EndGlobalSection
EndGlobal
